
Microsoft Visual Studio Solution File, Format Version 12.00
# Visual Studio 15
VisualStudioVersion = 15.0.26124.0
MinimumVisualStudioVersion = 15.0.26124.0
Project("{2150E333-8FDC-42A3-9474-1A3956D46DE8}") = "src", "src", "{B31F8E0D-4529-4A3B-B421-12B49FADD925}"
EndProject
Project("{FAE04EC0-301F-11D3-BF4B-00C04F79EFBC}") = "Squeaker.Application", "src\Squeaker.Application\Squeaker.Application.csproj", "{14ED2472-EA2C-4D56-AD09-BE91CB721893}"
EndProject
Project("{2150E333-8FDC-42A3-9474-1A3956D46DE8}") = "test", "test", "{7A0387DF-2AE6-4445-B79D-9B66A7DCA5CA}"
EndProject
Project("{FAE04EC0-301F-11D3-BF4B-00C04F79EFBC}") = "Squeaker.UnitTests", "test\Squeaker.UnitTests\Squeaker.UnitTests.csproj", "{215350AD-BEDC-4479-93BB-A142745887D5}"
EndProject
Project("{FAE04EC0-301F-11D3-BF4B-00C04F79EFBC}") = "Squeaker.Api", "src\Squeaker.Api\Squeaker.Api.csproj", "{0018C903-1BAA-49BF-9A68-DA6DDB837935}"
EndProject
Project("{FAE04EC0-301F-11D3-BF4B-00C04F79EFBC}") = "Squeaker.AcceptanceTests", "test\Squeaker.AcceptanceTests\Squeaker.AcceptanceTests.csproj", "{D263F3AF-C050-4CE5-8149-41AEFA9E2E44}"
EndProject
Global
	GlobalSection(SolutionConfigurationPlatforms) = preSolution
		Debug|Any CPU = Debug|Any CPU
		Debug|x64 = Debug|x64
		Debug|x86 = Debug|x86
		Release|Any CPU = Release|Any CPU
		Release|x64 = Release|x64
		Release|x86 = Release|x86
	EndGlobalSection
	GlobalSection(SolutionProperties) = preSolution
		HideSolutionNode = FALSE
	EndGlobalSection
	GlobalSection(ProjectConfigurationPlatforms) = postSolution
		{14ED2472-EA2C-4D56-AD09-BE91CB721893}.Debug|Any CPU.ActiveCfg = Debug|Any CPU
		{14ED2472-EA2C-4D56-AD09-BE91CB721893}.Debug|Any CPU.Build.0 = Debug|Any CPU
		{14ED2472-EA2C-4D56-AD09-BE91CB721893}.Debug|x64.ActiveCfg = Debug|Any CPU
		{14ED2472-EA2C-4D56-AD09-BE91CB721893}.Debug|x64.Build.0 = Debug|Any CPU
		{14ED2472-EA2C-4D56-AD09-BE91CB721893}.Debug|x86.ActiveCfg = Debug|Any CPU
		{14ED2472-EA2C-4D56-AD09-BE91CB721893}.Debug|x86.Build.0 = Debug|Any CPU
		{14ED2472-EA2C-4D56-AD09-BE91CB721893}.Release|Any CPU.ActiveCfg = Release|Any CPU
		{14ED2472-EA2C-4D56-AD09-BE91CB721893}.Release|Any CPU.Build.0 = Release|Any CPU
		{14ED2472-EA2C-4D56-AD09-BE91CB721893}.Release|x64.ActiveCfg = Release|Any CPU
		{14ED2472-EA2C-4D56-AD09-BE91CB721893}.Release|x64.Build.0 = Release|Any CPU
		{14ED2472-EA2C-4D56-AD09-BE91CB721893}.Release|x86.ActiveCfg = Release|Any CPU
		{14ED2472-EA2C-4D56-AD09-BE91CB721893}.Release|x86.Build.0 = Release|Any CPU
		{215350AD-BEDC-4479-93BB-A142745887D5}.Debug|Any CPU.ActiveCfg = Debug|Any CPU
		{215350AD-BEDC-4479-93BB-A142745887D5}.Debug|Any CPU.Build.0 = Debug|Any CPU
		{215350AD-BEDC-4479-93BB-A142745887D5}.Debug|x64.ActiveCfg = Debug|Any CPU
		{215350AD-BEDC-4479-93BB-A142745887D5}.Debug|x64.Build.0 = Debug|Any CPU
		{215350AD-BEDC-4479-93BB-A142745887D5}.Debug|x86.ActiveCfg = Debug|Any CPU
		{215350AD-BEDC-4479-93BB-A142745887D5}.Debug|x86.Build.0 = Debug|Any CPU
		{215350AD-BEDC-4479-93BB-A142745887D5}.Release|Any CPU.ActiveCfg = Release|Any CPU
		{215350AD-BEDC-4479-93BB-A142745887D5}.Release|Any CPU.Build.0 = Release|Any CPU
		{215350AD-BEDC-4479-93BB-A142745887D5}.Release|x64.ActiveCfg = Release|Any CPU
		{215350AD-BEDC-4479-93BB-A142745887D5}.Release|x64.Build.0 = Release|Any CPU
		{215350AD-BEDC-4479-93BB-A142745887D5}.Release|x86.ActiveCfg = Release|Any CPU
		{215350AD-BEDC-4479-93BB-A142745887D5}.Release|x86.Build.0 = Release|Any CPU
		{0018C903-1BAA-49BF-9A68-DA6DDB837935}.Debug|Any CPU.ActiveCfg = Debug|Any CPU
		{0018C903-1BAA-49BF-9A68-DA6DDB837935}.Debug|Any CPU.Build.0 = Debug|Any CPU
		{0018C903-1BAA-49BF-9A68-DA6DDB837935}.Debug|x64.ActiveCfg = Debug|Any CPU
		{0018C903-1BAA-49BF-9A68-DA6DDB837935}.Debug|x64.Build.0 = Debug|Any CPU
		{0018C903-1BAA-49BF-9A68-DA6DDB837935}.Debug|x86.ActiveCfg = Debug|Any CPU
		{0018C903-1BAA-49BF-9A68-DA6DDB837935}.Debug|x86.Build.0 = Debug|Any CPU
		{0018C903-1BAA-49BF-9A68-DA6DDB837935}.Release|Any CPU.ActiveCfg = Release|Any CPU
		{0018C903-1BAA-49BF-9A68-DA6DDB837935}.Release|Any CPU.Build.0 = Release|Any CPU
		{0018C903-1BAA-49BF-9A68-DA6DDB837935}.Release|x64.ActiveCfg = Release|Any CPU
		{0018C903-1BAA-49BF-9A68-DA6DDB837935}.Release|x64.Build.0 = Release|Any CPU
		{0018C903-1BAA-49BF-9A68-DA6DDB837935}.Release|x86.ActiveCfg = Release|Any CPU
		{0018C903-1BAA-49BF-9A68-DA6DDB837935}.Release|x86.Build.0 = Release|Any CPU
		{D263F3AF-C050-4CE5-8149-41AEFA9E2E44}.Debug|Any CPU.ActiveCfg = Debug|Any CPU
		{D263F3AF-C050-4CE5-8149-41AEFA9E2E44}.Debug|Any CPU.Build.0 = Debug|Any CPU
		{D263F3AF-C050-4CE5-8149-41AEFA9E2E44}.Debug|x64.ActiveCfg = Debug|Any CPU
		{D263F3AF-C050-4CE5-8149-41AEFA9E2E44}.Debug|x64.Build.0 = Debug|Any CPU
		{D263F3AF-C050-4CE5-8149-41AEFA9E2E44}.Debug|x86.ActiveCfg = Debug|Any CPU
		{D263F3AF-C050-4CE5-8149-41AEFA9E2E44}.Debug|x86.Build.0 = Debug|Any CPU
		{D263F3AF-C050-4CE5-8149-41AEFA9E2E44}.Release|Any CPU.ActiveCfg = Release|Any CPU
		{D263F3AF-C050-4CE5-8149-41AEFA9E2E44}.Release|Any CPU.Build.0 = Release|Any CPU
		{D263F3AF-C050-4CE5-8149-41AEFA9E2E44}.Release|x64.ActiveCfg = Release|Any CPU
		{D263F3AF-C050-4CE5-8149-41AEFA9E2E44}.Release|x64.Build.0 = Release|Any CPU
		{D263F3AF-C050-4CE5-8149-41AEFA9E2E44}.Release|x86.ActiveCfg = Release|Any CPU
		{D263F3AF-C050-4CE5-8149-41AEFA9E2E44}.Release|x86.Build.0 = Release|Any CPU
	EndGlobalSection
	GlobalSection(NestedProjects) = preSolution
		{14ED2472-EA2C-4D56-AD09-BE91CB721893} = {B31F8E0D-4529-4A3B-B421-12B49FADD925}
		{215350AD-BEDC-4479-93BB-A142745887D5} = {7A0387DF-2AE6-4445-B79D-9B66A7DCA5CA}
		{0018C903-1BAA-49BF-9A68-DA6DDB837935} = {B31F8E0D-4529-4A3B-B421-12B49FADD925}
		{D263F3AF-C050-4CE5-8149-41AEFA9E2E44} = {7A0387DF-2AE6-4445-B79D-9B66A7DCA5CA}
	EndGlobalSection
EndGlobal
